{
  "name": "pg-slang",
  "version": "0.1.7",
  "lockfileVersion": 1,
  "requires": true,
  "dependencies": {
    "flora-errors": {
      "version": "0.7.1",
      "resolved": "https://registry.npmjs.org/flora-errors/-/flora-errors-0.7.1.tgz",
      "integrity": "sha512-5g3GD30hu5Vxyu9Vuc23BYSfO1adXfqsV5hTfSq0yC7LNznoxYnCnTBXn77ijixU1i5uRbYWmbINMxoBYMsElA==",
      "requires": {
        "has": "1.0.3"
      }
    },
    "flora-sql-parser": {
      "version": "0.7.7",
      "resolved": "https://registry.npmjs.org/flora-sql-parser/-/flora-sql-parser-0.7.7.tgz",
      "integrity": "sha512-AfIper1YfQqJH+TKFz7UNKxid2cnYQIJVwa0Bu9oZfgfj5YPZ+RVcI/MqCqwu3EFiiTpfBFhy1CUjfJII+JcZg==",
      "requires": {
        "flora-errors": "0.7.1",
        "has": "1.0.3",
        "pegjs": "0.10.0"
      }
    },
    "function-bind": {
      "version": "1.1.1",
      "resolved": "https://registry.npmjs.org/function-bind/-/function-bind-1.1.1.tgz",
      "integrity": "sha512-yIovAzMX49sF8Yl58fSCWJ5svSLuaibPxXQJFLmBObTuCr0Mf1KiPopGM9NiFjiYBCbfaa2Fh6breQ6ANVTI0A=="
    },
    "has": {
      "version": "1.0.3",
      "resolved": "https://registry.npmjs.org/has/-/has-1.0.3.tgz",
      "integrity": "sha512-f2dvO0VU6Oej7RkWJGrehjbzMAjFp5/VKPp5tTpWIV4JHHZK1/BxbFRtf/siA2SWTe09caDmVtYYzWEIbBS4zw==",
      "requires": {
        "function-bind": "1.1.1"
      }
    },
    "pegjs": {
      "version": "0.10.0",
      "resolved": "https://registry.npmjs.org/pegjs/-/pegjs-0.10.0.tgz",
      "integrity": "sha1-z4uvrm7d/0tafvsYUmnqr0YQ3b0="
    }
  }
}
